
Microsoft Visual Studio Solution File, Format Version 12.00
# Visual Studio Version 17
VisualStudioVersion = 17.4.33213.308
MinimumVisualStudioVersion = 10.0.40219.1
Project("{FAE04EC0-301F-11D3-BF4B-00C04F79EFBC}") = "MvcFirmaCagri", "MvcFirmaCagri\MvcFirmaCagri.csproj", "{F51AF492-83CC-40EC-88F4-D3BFB74A6867}"
EndProject
Global
	GlobalSection(SolutionConfigurationPlatforms) = preSolution
		Debug|Any CPU = Debug|Any CPU
		Release|Any CPU = Release|Any CPU
	EndGlobalSection
	GlobalSection(ProjectConfigurationPlatforms) = postSolution
		{F51AF492-83CC-40EC-88F4-D3BFB74A6867}.Debug|Any CPU.ActiveCfg = Debug|Any CPU
		{F51AF492-83CC-40EC-88F4-D3BFB74A6867}.Debug|Any CPU.Build.0 = Debug|Any CPU
		{F51AF492-83CC-40EC-88F4-D3BFB74A6867}.Release|Any CPU.ActiveCfg = Release|Any CPU
		{F51AF492-83CC-40EC-88F4-D3BFB74A6867}.Release|Any CPU.Build.0 = Release|Any CPU
	EndGlobalSection
	GlobalSection(SolutionProperties) = preSolution
		HideSolutionNode = FALSE
	EndGlobalSection
	GlobalSection(ExtensibilityGlobals) = postSolution
		SolutionGuid = {DC051386-FB91-4142-A963-36D74BD91CD9}
	EndGlobalSection
EndGlobal
